
Microsoft Visual Studio Solution File, Format Version 12.00
# Visual Studio Version 16
VisualStudioVersion = 16.0.30804.86
MinimumVisualStudioVersion = 10.0.40219.1
Project("{FAE04EC0-301F-11D3-BF4B-00C04F79EFBC}") = "Evaluator", "Evaluator\Evaluator.csproj", "{915DCDE1-2A52-4F9B-B8A1-F151EA38AF58}"
EndProject
Global
	GlobalSection(SolutionConfigurationPlatforms) = preSolution
		Debug|Any CPU = Debug|Any CPU
		Release|Any CPU = Release|Any CPU
	EndGlobalSection
	GlobalSection(ProjectConfigurationPlatforms) = postSolution
		{915DCDE1-2A52-4F9B-B8A1-F151EA38AF58}.Debug|Any CPU.ActiveCfg = Debug|Any CPU
		{915DCDE1-2A52-4F9B-B8A1-F151EA38AF58}.Debug|Any CPU.Build.0 = Debug|Any CPU
		{915DCDE1-2A52-4F9B-B8A1-F151EA38AF58}.Release|Any CPU.ActiveCfg = Release|Any CPU
		{915DCDE1-2A52-4F9B-B8A1-F151EA38AF58}.Release|Any CPU.Build.0 = Release|Any CPU
	EndGlobalSection
	GlobalSection(SolutionProperties) = preSolution
		HideSolutionNode = FALSE
	EndGlobalSection
	GlobalSection(ExtensibilityGlobals) = postSolution
		SolutionGuid = {2602A873-0A0A-41D8-B638-7FABB917ADD8}
	EndGlobalSection
EndGlobal
